
Microsoft Visual Studio Solution File, Format Version 12.00
# Visual Studio Version 17
VisualStudioVersion = 17.0.31903.59
MinimumVisualStudioVersion = 10.0.40219.1
Project("{FAE04EC0-301F-11D3-BF4B-00C04F79EFBC}") = "SOFTEST_INTRO_Calculator", "SOFTEST_INTRO_Calculator\SOFTEST_INTRO_Calculator.csproj", "{315B2369-BF0F-4644-BEF8-D813E488D6A9}"
EndProject
Project("{FAE04EC0-301F-11D3-BF4B-00C04F79EFBC}") = "SOFTEST_INTRO_Calculator.UnitTests", "SOFTEST_INTRO_Calculator.UnitTests\SOFTEST_INTRO_Calculator.UnitTests.csproj", "{4C4874A9-4CC9-4F80-8361-C6CC8B7E1499}"
EndProject
Project("{FAE04EC0-301F-11D3-BF4B-00C04F79EFBC}") = "SOFTEST_INTRO_Calculator.AcceptanceTests", "SOFTEST_INTRO_Calculator.AcceptanceTests\SOFTEST_INTRO_Calculator.AcceptanceTests.csproj", "{4BC3706D-3840-4D80-8A97-D43E5CE66275}"
EndProject
Project("{FAE04EC0-301F-11D3-BF4B-00C04F79EFBC}") = "SOFTEST_INTRO_Calculator.IntegrationTests", "SOFTEST_INTRO_Calculator.IntegrationTests\SOFTEST_INTRO_Calculator.IntegrationTests.csproj", "{EA7392C4-BDCE-4077-BC5B-5DCB731F8FA3}"
EndProject
Project("{FAE04EC0-301F-11D3-BF4B-00C04F79EFBC}") = "SOFTEST_INTRO_Calculator.Web", "SOFTEST_INTRO_Calculator.Web\SOFTEST_INTRO_Calculator.Web.csproj", "{2DEE4339-C52E-4103-A17F-DE4AD84FDF1C}"
EndProject
Project("{FAE04EC0-301F-11D3-BF4B-00C04F79EFBC}") = "SOFTEST_INTRO_Calculator.WebUiTests", "SOFTEST_INTRO_Calculator.WebUiTests\SOFTEST_INTRO_Calculator.WebUiTests.csproj", "{CDF5D44D-2FC8-4796-AB72-75AD00CAB814}"
EndProject
Global
	GlobalSection(SolutionConfigurationPlatforms) = preSolution
		Debug|Any CPU = Debug|Any CPU
		Debug|x64 = Debug|x64
		Debug|x86 = Debug|x86
		Release|Any CPU = Release|Any CPU
		Release|x64 = Release|x64
		Release|x86 = Release|x86
	EndGlobalSection
	GlobalSection(ProjectConfigurationPlatforms) = postSolution
		{315B2369-BF0F-4644-BEF8-D813E488D6A9}.Debug|Any CPU.ActiveCfg = Debug|Any CPU
		{315B2369-BF0F-4644-BEF8-D813E488D6A9}.Debug|Any CPU.Build.0 = Debug|Any CPU
		{315B2369-BF0F-4644-BEF8-D813E488D6A9}.Debug|x64.ActiveCfg = Debug|Any CPU
		{315B2369-BF0F-4644-BEF8-D813E488D6A9}.Debug|x64.Build.0 = Debug|Any CPU
		{315B2369-BF0F-4644-BEF8-D813E488D6A9}.Debug|x86.ActiveCfg = Debug|Any CPU
		{315B2369-BF0F-4644-BEF8-D813E488D6A9}.Debug|x86.Build.0 = Debug|Any CPU
		{315B2369-BF0F-4644-BEF8-D813E488D6A9}.Release|Any CPU.ActiveCfg = Release|Any CPU
		{315B2369-BF0F-4644-BEF8-D813E488D6A9}.Release|Any CPU.Build.0 = Release|Any CPU
		{315B2369-BF0F-4644-BEF8-D813E488D6A9}.Release|x64.ActiveCfg = Release|Any CPU
		{315B2369-BF0F-4644-BEF8-D813E488D6A9}.Release|x64.Build.0 = Release|Any CPU
		{315B2369-BF0F-4644-BEF8-D813E488D6A9}.Release|x86.ActiveCfg = Release|Any CPU
		{315B2369-BF0F-4644-BEF8-D813E488D6A9}.Release|x86.Build.0 = Release|Any CPU
		{4C4874A9-4CC9-4F80-8361-C6CC8B7E1499}.Debug|Any CPU.ActiveCfg = Debug|Any CPU
		{4C4874A9-4CC9-4F80-8361-C6CC8B7E1499}.Debug|Any CPU.Build.0 = Debug|Any CPU
		{4C4874A9-4CC9-4F80-8361-C6CC8B7E1499}.Debug|x64.ActiveCfg = Debug|Any CPU
		{4C4874A9-4CC9-4F80-8361-C6CC8B7E1499}.Debug|x64.Build.0 = Debug|Any CPU
		{4C4874A9-4CC9-4F80-8361-C6CC8B7E1499}.Debug|x86.ActiveCfg = Debug|Any CPU
		{4C4874A9-4CC9-4F80-8361-C6CC8B7E1499}.Debug|x86.Build.0 = Debug|Any CPU
		{4C4874A9-4CC9-4F80-8361-C6CC8B7E1499}.Release|Any CPU.ActiveCfg = Release|Any CPU
		{4C4874A9-4CC9-4F80-8361-C6CC8B7E1499}.Release|Any CPU.Build.0 = Release|Any CPU
		{4C4874A9-4CC9-4F80-8361-C6CC8B7E1499}.Release|x64.ActiveCfg = Release|Any CPU
		{4C4874A9-4CC9-4F80-8361-C6CC8B7E1499}.Release|x64.Build.0 = Release|Any CPU
		{4C4874A9-4CC9-4F80-8361-C6CC8B7E1499}.Release|x86.ActiveCfg = Release|Any CPU
		{4C4874A9-4CC9-4F80-8361-C6CC8B7E1499}.Release|x86.Build.0 = Release|Any CPU
		{4BC3706D-3840-4D80-8A97-D43E5CE66275}.Debug|Any CPU.ActiveCfg = Debug|Any CPU
		{4BC3706D-3840-4D80-8A97-D43E5CE66275}.Debug|Any CPU.Build.0 = Debug|Any CPU
		{4BC3706D-3840-4D80-8A97-D43E5CE66275}.Debug|x64.ActiveCfg = Debug|Any CPU
		{4BC3706D-3840-4D80-8A97-D43E5CE66275}.Debug|x64.Build.0 = Debug|Any CPU
		{4BC3706D-3840-4D80-8A97-D43E5CE66275}.Debug|x86.ActiveCfg = Debug|Any CPU
		{4BC3706D-3840-4D80-8A97-D43E5CE66275}.Debug|x86.Build.0 = Debug|Any CPU
		{4BC3706D-3840-4D80-8A97-D43E5CE66275}.Release|Any CPU.ActiveCfg = Release|Any CPU
		{4BC3706D-3840-4D80-8A97-D43E5CE66275}.Release|Any CPU.Build.0 = Release|Any CPU
		{4BC3706D-3840-4D80-8A97-D43E5CE66275}.Release|x64.ActiveCfg = Release|Any CPU
		{4BC3706D-3840-4D80-8A97-D43E5CE66275}.Release|x64.Build.0 = Release|Any CPU
		{4BC3706D-3840-4D80-8A97-D43E5CE66275}.Release|x86.ActiveCfg = Release|Any CPU
		{4BC3706D-3840-4D80-8A97-D43E5CE66275}.Release|x86.Build.0 = Release|Any CPU
		{EA7392C4-BDCE-4077-BC5B-5DCB731F8FA3}.Debug|Any CPU.ActiveCfg = Debug|Any CPU
		{EA7392C4-BDCE-4077-BC5B-5DCB731F8FA3}.Debug|Any CPU.Build.0 = Debug|Any CPU
		{EA7392C4-BDCE-4077-BC5B-5DCB731F8FA3}.Debug|x64.ActiveCfg = Debug|Any CPU
		{EA7392C4-BDCE-4077-BC5B-5DCB731F8FA3}.Debug|x64.Build.0 = Debug|Any CPU
		{EA7392C4-BDCE-4077-BC5B-5DCB731F8FA3}.Debug|x86.ActiveCfg = Debug|Any CPU
		{EA7392C4-BDCE-4077-BC5B-5DCB731F8FA3}.Debug|x86.Build.0 = Debug|Any CPU
		{EA7392C4-BDCE-4077-BC5B-5DCB731F8FA3}.Release|Any CPU.ActiveCfg = Release|Any CPU
		{EA7392C4-BDCE-4077-BC5B-5DCB731F8FA3}.Release|Any CPU.Build.0 = Release|Any CPU
		{EA7392C4-BDCE-4077-BC5B-5DCB731F8FA3}.Release|x64.ActiveCfg = Release|Any CPU
		{EA7392C4-BDCE-4077-BC5B-5DCB731F8FA3}.Release|x64.Build.0 = Release|Any CPU
		{EA7392C4-BDCE-4077-BC5B-5DCB731F8FA3}.Release|x86.ActiveCfg = Release|Any CPU
		{EA7392C4-BDCE-4077-BC5B-5DCB731F8FA3}.Release|x86.Build.0 = Release|Any CPU
		{2DEE4339-C52E-4103-A17F-DE4AD84FDF1C}.Debug|Any CPU.ActiveCfg = Debug|Any CPU
		{2DEE4339-C52E-4103-A17F-DE4AD84FDF1C}.Debug|Any CPU.Build.0 = Debug|Any CPU
		{2DEE4339-C52E-4103-A17F-DE4AD84FDF1C}.Debug|x64.ActiveCfg = Debug|Any CPU
		{2DEE4339-C52E-4103-A17F-DE4AD84FDF1C}.Debug|x64.Build.0 = Debug|Any CPU
		{2DEE4339-C52E-4103-A17F-DE4AD84FDF1C}.Debug|x86.ActiveCfg = Debug|Any CPU
		{2DEE4339-C52E-4103-A17F-DE4AD84FDF1C}.Debug|x86.Build.0 = Debug|Any CPU
		{2DEE4339-C52E-4103-A17F-DE4AD84FDF1C}.Release|Any CPU.ActiveCfg = Release|Any CPU
		{2DEE4339-C52E-4103-A17F-DE4AD84FDF1C}.Release|Any CPU.Build.0 = Release|Any CPU
		{2DEE4339-C52E-4103-A17F-DE4AD84FDF1C}.Release|x64.ActiveCfg = Release|Any CPU
		{2DEE4339-C52E-4103-A17F-DE4AD84FDF1C}.Release|x64.Build.0 = Release|Any CPU
		{2DEE4339-C52E-4103-A17F-DE4AD84FDF1C}.Release|x86.ActiveCfg = Release|Any CPU
		{2DEE4339-C52E-4103-A17F-DE4AD84FDF1C}.Release|x86.Build.0 = Release|Any CPU
		{CDF5D44D-2FC8-4796-AB72-75AD00CAB814}.Debug|Any CPU.ActiveCfg = Debug|Any CPU
		{CDF5D44D-2FC8-4796-AB72-75AD00CAB814}.Debug|Any CPU.Build.0 = Debug|Any CPU
		{CDF5D44D-2FC8-4796-AB72-75AD00CAB814}.Debug|x64.ActiveCfg = Debug|Any CPU
		{CDF5D44D-2FC8-4796-AB72-75AD00CAB814}.Debug|x64.Build.0 = Debug|Any CPU
		{CDF5D44D-2FC8-4796-AB72-75AD00CAB814}.Debug|x86.ActiveCfg = Debug|Any CPU
		{CDF5D44D-2FC8-4796-AB72-75AD00CAB814}.Debug|x86.Build.0 = Debug|Any CPU
		{CDF5D44D-2FC8-4796-AB72-75AD00CAB814}.Release|Any CPU.ActiveCfg = Release|Any CPU
		{CDF5D44D-2FC8-4796-AB72-75AD00CAB814}.Release|Any CPU.Build.0 = Release|Any CPU
		{CDF5D44D-2FC8-4796-AB72-75AD00CAB814}.Release|x64.ActiveCfg = Release|Any CPU
		{CDF5D44D-2FC8-4796-AB72-75AD00CAB814}.Release|x64.Build.0 = Release|Any CPU
		{CDF5D44D-2FC8-4796-AB72-75AD00CAB814}.Release|x86.ActiveCfg = Release|Any CPU
		{CDF5D44D-2FC8-4796-AB72-75AD00CAB814}.Release|x86.Build.0 = Release|Any CPU
	EndGlobalSection
	GlobalSection(SolutionProperties) = preSolution
		HideSolutionNode = FALSE
	EndGlobalSection
EndGlobal
